
Microsoft Visual Studio Solution File, Format Version 12.00
# Visual Studio 15
VisualStudioVersion = 15.0.28307.705
MinimumVisualStudioVersion = 10.0.40219.1
Project("{FAE04EC0-301F-11D3-BF4B-00C04F79EFBC}") = "LoopsExample", "Task1Loops\LoopsExample.csproj", "{56544F65-A966-402F-B976-518755D06027}"
EndProject
Project("{FAE04EC0-301F-11D3-BF4B-00C04F79EFBC}") = "Task1", "Task1\Task1.csproj", "{464E2294-BB12-47C2-8B15-EA8785D47C18}"
EndProject
Project("{FAE04EC0-301F-11D3-BF4B-00C04F79EFBC}") = "Task2", "Task2\Task2.csproj", "{BA5B61C3-05AE-4FDC-928D-8A41AAA78BEA}"
EndProject
Project("{FAE04EC0-301F-11D3-BF4B-00C04F79EFBC}") = "Task3", "Task3\Task3.csproj", "{72AF9DE7-6188-4F03-859C-79955FBDDAE8}"
EndProject
Project("{FAE04EC0-301F-11D3-BF4B-00C04F79EFBC}") = "Exercise2Task1", "Task4\Exercise2Task1.csproj", "{50606560-52AE-4EBA-B3AA-40E20064370F}"
EndProject
Project("{FAE04EC0-301F-11D3-BF4B-00C04F79EFBC}") = "Exercise2Task2", "Exercise2Task2\Exercise2Task2.csproj", "{D45F1B51-D7D1-4A24-A488-26AD14DBAF06}"
EndProject
Project("{FAE04EC0-301F-11D3-BF4B-00C04F79EFBC}") = "Exercise2Task3", "Exercise2Task3\Exercise2Task3.csproj", "{FE993356-24C3-4139-8DEA-DB899EA49746}"
EndProject
Project("{FAE04EC0-301F-11D3-BF4B-00C04F79EFBC}") = "Exercise3Task1", "Exercise3Task1\Exercise3Task1.csproj", "{EF6C99F0-85B1-4421-BBA7-0884F2342670}"
EndProject
Project("{FAE04EC0-301F-11D3-BF4B-00C04F79EFBC}") = "Exercise3Task2", "Exercise3Task2\Exercise3Task2.csproj", "{EEF7A5E3-5AEE-4827-84DD-FABC66FE37D5}"
EndProject
Project("{FAE04EC0-301F-11D3-BF4B-00C04F79EFBC}") = "Exercise3Task3", "Exercise3Task3\Exercise3Task3.csproj", "{F165D311-DFB2-4D42-B990-06D74F77B685}"
EndProject
Project("{FAE04EC0-301F-11D3-BF4B-00C04F79EFBC}") = "Exercise3Task4", "Exercise3Task4\Exercise3Task4.csproj", "{0CBA0D8D-B43F-45A0-B642-27D1495498DD}"
EndProject
Project("{FAE04EC0-301F-11D3-BF4B-00C04F79EFBC}") = "Exercise3task5", "Exercise3task5\Exercise3task5.csproj", "{0DE31216-2DDF-410A-BBF5-3CD66B761E09}"
EndProject
Global
	GlobalSection(SolutionConfigurationPlatforms) = preSolution
		Debug|Any CPU = Debug|Any CPU
		Release|Any CPU = Release|Any CPU
	EndGlobalSection
	GlobalSection(ProjectConfigurationPlatforms) = postSolution
		{56544F65-A966-402F-B976-518755D06027}.Debug|Any CPU.ActiveCfg = Debug|Any CPU
		{56544F65-A966-402F-B976-518755D06027}.Debug|Any CPU.Build.0 = Debug|Any CPU
		{56544F65-A966-402F-B976-518755D06027}.Release|Any CPU.ActiveCfg = Release|Any CPU
		{56544F65-A966-402F-B976-518755D06027}.Release|Any CPU.Build.0 = Release|Any CPU
		{464E2294-BB12-47C2-8B15-EA8785D47C18}.Debug|Any CPU.ActiveCfg = Debug|Any CPU
		{464E2294-BB12-47C2-8B15-EA8785D47C18}.Debug|Any CPU.Build.0 = Debug|Any CPU
		{464E2294-BB12-47C2-8B15-EA8785D47C18}.Release|Any CPU.ActiveCfg = Release|Any CPU
		{464E2294-BB12-47C2-8B15-EA8785D47C18}.Release|Any CPU.Build.0 = Release|Any CPU
		{BA5B61C3-05AE-4FDC-928D-8A41AAA78BEA}.Debug|Any CPU.ActiveCfg = Debug|Any CPU
		{BA5B61C3-05AE-4FDC-928D-8A41AAA78BEA}.Debug|Any CPU.Build.0 = Debug|Any CPU
		{BA5B61C3-05AE-4FDC-928D-8A41AAA78BEA}.Release|Any CPU.ActiveCfg = Release|Any CPU
		{BA5B61C3-05AE-4FDC-928D-8A41AAA78BEA}.Release|Any CPU.Build.0 = Release|Any CPU
		{72AF9DE7-6188-4F03-859C-79955FBDDAE8}.Debug|Any CPU.ActiveCfg = Debug|Any CPU
		{72AF9DE7-6188-4F03-859C-79955FBDDAE8}.Debug|Any CPU.Build.0 = Debug|Any CPU
		{72AF9DE7-6188-4F03-859C-79955FBDDAE8}.Release|Any CPU.ActiveCfg = Release|Any CPU
		{72AF9DE7-6188-4F03-859C-79955FBDDAE8}.Release|Any CPU.Build.0 = Release|Any CPU
		{50606560-52AE-4EBA-B3AA-40E20064370F}.Debug|Any CPU.ActiveCfg = Debug|Any CPU
		{50606560-52AE-4EBA-B3AA-40E20064370F}.Debug|Any CPU.Build.0 = Debug|Any CPU
		{50606560-52AE-4EBA-B3AA-40E20064370F}.Release|Any CPU.ActiveCfg = Release|Any CPU
		{50606560-52AE-4EBA-B3AA-40E20064370F}.Release|Any CPU.Build.0 = Release|Any CPU
		{D45F1B51-D7D1-4A24-A488-26AD14DBAF06}.Debug|Any CPU.ActiveCfg = Debug|Any CPU
		{D45F1B51-D7D1-4A24-A488-26AD14DBAF06}.Debug|Any CPU.Build.0 = Debug|Any CPU
		{D45F1B51-D7D1-4A24-A488-26AD14DBAF06}.Release|Any CPU.ActiveCfg = Release|Any CPU
		{D45F1B51-D7D1-4A24-A488-26AD14DBAF06}.Release|Any CPU.Build.0 = Release|Any CPU
		{FE993356-24C3-4139-8DEA-DB899EA49746}.Debug|Any CPU.ActiveCfg = Debug|Any CPU
		{FE993356-24C3-4139-8DEA-DB899EA49746}.Debug|Any CPU.Build.0 = Debug|Any CPU
		{FE993356-24C3-4139-8DEA-DB899EA49746}.Release|Any CPU.ActiveCfg = Release|Any CPU
		{FE993356-24C3-4139-8DEA-DB899EA49746}.Release|Any CPU.Build.0 = Release|Any CPU
		{EF6C99F0-85B1-4421-BBA7-0884F2342670}.Debug|Any CPU.ActiveCfg = Debug|Any CPU
		{EF6C99F0-85B1-4421-BBA7-0884F2342670}.Debug|Any CPU.Build.0 = Debug|Any CPU
		{EF6C99F0-85B1-4421-BBA7-0884F2342670}.Release|Any CPU.ActiveCfg = Release|Any CPU
		{EF6C99F0-85B1-4421-BBA7-0884F2342670}.Release|Any CPU.Build.0 = Release|Any CPU
		{EEF7A5E3-5AEE-4827-84DD-FABC66FE37D5}.Debug|Any CPU.ActiveCfg = Debug|Any CPU
		{EEF7A5E3-5AEE-4827-84DD-FABC66FE37D5}.Debug|Any CPU.Build.0 = Debug|Any CPU
		{EEF7A5E3-5AEE-4827-84DD-FABC66FE37D5}.Release|Any CPU.ActiveCfg = Release|Any CPU
		{EEF7A5E3-5AEE-4827-84DD-FABC66FE37D5}.Release|Any CPU.Build.0 = Release|Any CPU
		{F165D311-DFB2-4D42-B990-06D74F77B685}.Debug|Any CPU.ActiveCfg = Debug|Any CPU
		{F165D311-DFB2-4D42-B990-06D74F77B685}.Debug|Any CPU.Build.0 = Debug|Any CPU
		{F165D311-DFB2-4D42-B990-06D74F77B685}.Release|Any CPU.ActiveCfg = Release|Any CPU
		{F165D311-DFB2-4D42-B990-06D74F77B685}.Release|Any CPU.Build.0 = Release|Any CPU
		{0CBA0D8D-B43F-45A0-B642-27D1495498DD}.Debug|Any CPU.ActiveCfg = Debug|Any CPU
		{0CBA0D8D-B43F-45A0-B642-27D1495498DD}.Debug|Any CPU.Build.0 = Debug|Any CPU
		{0CBA0D8D-B43F-45A0-B642-27D1495498DD}.Release|Any CPU.ActiveCfg = Release|Any CPU
		{0CBA0D8D-B43F-45A0-B642-27D1495498DD}.Release|Any CPU.Build.0 = Release|Any CPU
		{0DE31216-2DDF-410A-BBF5-3CD66B761E09}.Debug|Any CPU.ActiveCfg = Debug|Any CPU
		{0DE31216-2DDF-410A-BBF5-3CD66B761E09}.Debug|Any CPU.Build.0 = Debug|Any CPU
		{0DE31216-2DDF-410A-BBF5-3CD66B761E09}.Release|Any CPU.ActiveCfg = Release|Any CPU
		{0DE31216-2DDF-410A-BBF5-3CD66B761E09}.Release|Any CPU.Build.0 = Release|Any CPU
	EndGlobalSection
	GlobalSection(SolutionProperties) = preSolution
		HideSolutionNode = FALSE
	EndGlobalSection
	GlobalSection(ExtensibilityGlobals) = postSolution
		SolutionGuid = {A65D4589-3AC8-4417-9BD3-75FE84044DFD}
	EndGlobalSection
EndGlobal
